<Solution>
  <Project Path="Assembly-CSharp.csproj" />
  <Project Path="Fusion.Unity.Editor.csproj" />
  <Project Path="Assembly-CSharp-Editor.csproj" />
  <Project Path="Fusion.Unity.csproj" />
  <Project Path="WaterSystem.Editor.csproj" />
  <Project Path="WaterSystem.csproj" />
  <Project Path="Tests.csproj" />
  <Project Path="PlayModeTests.csproj" />
  <Project Path="Unity.Fusion.CodeGen.csproj" />
</Solution>
